
Microsoft Visual Studio Solution File, Format Version 12.00
# Visual Studio Version 17
VisualStudioVersion = 17.10.34928.147
MinimumVisualStudioVersion = 10.0.40219.1
Project("{FAE04EC0-301F-11D3-BF4B-00C04F79EFBC}") = "Kompano", "Kompano.csproj", "{3DD075FE-12A0-4724-BF62-F38377BAFE0B}"
EndProject
Global
	GlobalSection(SolutionConfigurationPlatforms) = preSolution
		Debug|Any CPU = Debug|Any CPU
		Release|Any CPU = Release|Any CPU
	EndGlobalSection
	GlobalSection(ProjectConfigurationPlatforms) = postSolution
		{3DD075FE-12A0-4724-BF62-F38377BAFE0B}.Debug|Any CPU.ActiveCfg = Debug|Any CPU
		{3DD075FE-12A0-4724-BF62-F38377BAFE0B}.Debug|Any CPU.Build.0 = Debug|Any CPU
		{3DD075FE-12A0-4724-BF62-F38377BAFE0B}.Release|Any CPU.ActiveCfg = Release|Any CPU
		{3DD075FE-12A0-4724-BF62-F38377BAFE0B}.Release|Any CPU.Build.0 = Release|Any CPU
	EndGlobalSection
	GlobalSection(SolutionProperties) = preSolution
		HideSolutionNode = FALSE
	EndGlobalSection
	GlobalSection(ExtensibilityGlobals) = postSolution
		SolutionGuid = {34EF6EA5-5496-42A2-9629-DB61372FC0DB}
	EndGlobalSection
EndGlobal
